
Microsoft Visual Studio Solution File, Format Version 12.00
# Visual Studio 15
VisualStudioVersion = 15.0.27703.2047
MinimumVisualStudioVersion = 10.0.40219.1
Project("{9A19103F-16F7-4668-BE54-9A1E7A4F7556}") = "Core.Interfaces", "Core.Interfaces\Core.Interfaces.csproj", "{7633E6C5-977D-4D40-ACFD-BA9EB8912477}"
EndProject
Project("{9A19103F-16F7-4668-BE54-9A1E7A4F7556}") = "Core.Logging", "Core.Logging\Core.Logging.csproj", "{4BF36A7F-DEB0-4D0B-B1F3-2CB79D376A34}"
EndProject
Project("{9A19103F-16F7-4668-BE54-9A1E7A4F7556}") = "Core.Security", "Core.Security\Core.Security.csproj", "{1B868D30-219A-42F1-82A9-477E33715403}"
EndProject
Project("{9A19103F-16F7-4668-BE54-9A1E7A4F7556}") = "Core.Seeding", "Core.Seeding\Core.Seeding.csproj", "{A8409BE1-24B3-4DC2-864F-E6C1D54295F5}"
EndProject
Project("{9A19103F-16F7-4668-BE54-9A1E7A4F7556}") = "Core.Messaging", "Core.Messaging\Core.Messaging.csproj", "{0F512A33-80F0-4379-AF4B-138406970A2E}"
EndProject
Project("{9A19103F-16F7-4668-BE54-9A1E7A4F7556}") = "Core.Models", "Core.Models\Core.Models.csproj", "{EEF67053-5B28-42E5-BE69-09E9E3EE4A3B}"
EndProject
Project("{2150E333-8FDC-42A3-9474-1A3956D46DE8}") = "Tests", "Tests", "{2B09013D-4761-4EA5-A677-D039C2BF2306}"
EndProject
Project("{FAE04EC0-301F-11D3-BF4B-00C04F79EFBC}") = "Core.Seeding.Tests", "Core.Seeding.Tests\Core.Seeding.Tests.csproj", "{ED43765B-7753-4CC0-99EE-A3DE23CD6FD2}"
EndProject
Project("{2150E333-8FDC-42A3-9474-1A3956D46DE8}") = "Source", "Source", "{F0C20C7E-EDCD-4183-B9BF-1C1168F15F95}"
EndProject
Project("{9A19103F-16F7-4668-BE54-9A1E7A4F7556}") = "Core.Reflection", "Core.Reflection\Core.Reflection.csproj", "{4C596DE5-BF1A-4626-93CE-926AB4BE299C}"
EndProject
Project("{9A19103F-16F7-4668-BE54-9A1E7A4F7556}") = "Core.Globalization", "Core.Globalization\Core.Globalization.csproj", "{4998A077-95F2-4D36-B4E5-237C4A35CCE5}"
EndProject
Project("{9A19103F-16F7-4668-BE54-9A1E7A4F7556}") = "Core.Exceptions", "Core.Exceptions\Core.Exceptions.csproj", "{6EA87FA7-4142-4B2F-B429-B0438637026B}"
EndProject
Project("{FAE04EC0-301F-11D3-BF4B-00C04F79EFBC}") = "Core.Logging.Tests", "Core.Logging.Tests\Core.Logging.Tests.csproj", "{583A7F3D-5FE7-419C-8081-DF8E5ADB25FB}"
EndProject
Project("{FAE04EC0-301F-11D3-BF4B-00C04F79EFBC}") = "Core.Messaging.Tests", "Core.Messaging.Tests\Core.Messaging.Tests.csproj", "{A9E4EAED-8FD5-438E-BD48-5A084D6170DB}"
EndProject
Project("{FAE04EC0-301F-11D3-BF4B-00C04F79EFBC}") = "Core.Reflection.Tests", "Core.Reflection.Tests\Core.Reflection.Tests.csproj", "{507A810F-1D2B-4ADD-A4DF-FC197BBD76AC}"
EndProject
Project("{FAE04EC0-301F-11D3-BF4B-00C04F79EFBC}") = "Core.Security.Tests", "Core.Security.Tests\Core.Security.Tests.csproj", "{144D0126-47F4-49B8-9835-4E65A63C930C}"
EndProject
Project("{FAE04EC0-301F-11D3-BF4B-00C04F79EFBC}") = "Core.Exceptions.Tests", "Core.Exceptions.Tests\Core.Exceptions.Tests.csproj", "{6ED5E081-8171-4777-892C-AC47C010D4EE}"
EndProject
Project("{FAE04EC0-301F-11D3-BF4B-00C04F79EFBC}") = "Core.Globalization.Tests", "Core.Globalization.Tests\Core.Globalization.Tests.csproj", "{748120DF-B418-46A1-A9FC-7A223A00C188}"
EndProject
Project("{FAE04EC0-301F-11D3-BF4B-00C04F79EFBC}") = "Core.Models.Tests", "Core.Models.Tests\Core.Models.Tests.csproj", "{CA7C6C5B-A8D2-4330-A4B1-D3210FD2592F}"
EndProject
Global
	GlobalSection(SolutionConfigurationPlatforms) = preSolution
		Debug|Any CPU = Debug|Any CPU
		Release|Any CPU = Release|Any CPU
	EndGlobalSection
	GlobalSection(ProjectConfigurationPlatforms) = postSolution
		{7633E6C5-977D-4D40-ACFD-BA9EB8912477}.Debug|Any CPU.ActiveCfg = Debug|Any CPU
		{7633E6C5-977D-4D40-ACFD-BA9EB8912477}.Debug|Any CPU.Build.0 = Debug|Any CPU
		{7633E6C5-977D-4D40-ACFD-BA9EB8912477}.Release|Any CPU.ActiveCfg = Release|Any CPU
		{7633E6C5-977D-4D40-ACFD-BA9EB8912477}.Release|Any CPU.Build.0 = Release|Any CPU
		{4BF36A7F-DEB0-4D0B-B1F3-2CB79D376A34}.Debug|Any CPU.ActiveCfg = Debug|Any CPU
		{4BF36A7F-DEB0-4D0B-B1F3-2CB79D376A34}.Debug|Any CPU.Build.0 = Debug|Any CPU
		{4BF36A7F-DEB0-4D0B-B1F3-2CB79D376A34}.Release|Any CPU.ActiveCfg = Release|Any CPU
		{4BF36A7F-DEB0-4D0B-B1F3-2CB79D376A34}.Release|Any CPU.Build.0 = Release|Any CPU
		{1B868D30-219A-42F1-82A9-477E33715403}.Debug|Any CPU.ActiveCfg = Debug|Any CPU
		{1B868D30-219A-42F1-82A9-477E33715403}.Debug|Any CPU.Build.0 = Debug|Any CPU
		{1B868D30-219A-42F1-82A9-477E33715403}.Release|Any CPU.ActiveCfg = Release|Any CPU
		{1B868D30-219A-42F1-82A9-477E33715403}.Release|Any CPU.Build.0 = Release|Any CPU
		{A8409BE1-24B3-4DC2-864F-E6C1D54295F5}.Debug|Any CPU.ActiveCfg = Debug|Any CPU
		{A8409BE1-24B3-4DC2-864F-E6C1D54295F5}.Debug|Any CPU.Build.0 = Debug|Any CPU
		{A8409BE1-24B3-4DC2-864F-E6C1D54295F5}.Release|Any CPU.ActiveCfg = Release|Any CPU
		{A8409BE1-24B3-4DC2-864F-E6C1D54295F5}.Release|Any CPU.Build.0 = Release|Any CPU
		{0F512A33-80F0-4379-AF4B-138406970A2E}.Debug|Any CPU.ActiveCfg = Debug|Any CPU
		{0F512A33-80F0-4379-AF4B-138406970A2E}.Debug|Any CPU.Build.0 = Debug|Any CPU
		{0F512A33-80F0-4379-AF4B-138406970A2E}.Release|Any CPU.ActiveCfg = Release|Any CPU
		{0F512A33-80F0-4379-AF4B-138406970A2E}.Release|Any CPU.Build.0 = Release|Any CPU
		{EEF67053-5B28-42E5-BE69-09E9E3EE4A3B}.Debug|Any CPU.ActiveCfg = Debug|Any CPU
		{EEF67053-5B28-42E5-BE69-09E9E3EE4A3B}.Debug|Any CPU.Build.0 = Debug|Any CPU
		{EEF67053-5B28-42E5-BE69-09E9E3EE4A3B}.Release|Any CPU.ActiveCfg = Release|Any CPU
		{EEF67053-5B28-42E5-BE69-09E9E3EE4A3B}.Release|Any CPU.Build.0 = Release|Any CPU
		{ED43765B-7753-4CC0-99EE-A3DE23CD6FD2}.Debug|Any CPU.ActiveCfg = Debug|Any CPU
		{ED43765B-7753-4CC0-99EE-A3DE23CD6FD2}.Debug|Any CPU.Build.0 = Debug|Any CPU
		{ED43765B-7753-4CC0-99EE-A3DE23CD6FD2}.Release|Any CPU.ActiveCfg = Release|Any CPU
		{ED43765B-7753-4CC0-99EE-A3DE23CD6FD2}.Release|Any CPU.Build.0 = Release|Any CPU
		{4C596DE5-BF1A-4626-93CE-926AB4BE299C}.Debug|Any CPU.ActiveCfg = Debug|Any CPU
		{4C596DE5-BF1A-4626-93CE-926AB4BE299C}.Debug|Any CPU.Build.0 = Debug|Any CPU
		{4C596DE5-BF1A-4626-93CE-926AB4BE299C}.Release|Any CPU.ActiveCfg = Release|Any CPU
		{4C596DE5-BF1A-4626-93CE-926AB4BE299C}.Release|Any CPU.Build.0 = Release|Any CPU
		{4998A077-95F2-4D36-B4E5-237C4A35CCE5}.Debug|Any CPU.ActiveCfg = Debug|Any CPU
		{4998A077-95F2-4D36-B4E5-237C4A35CCE5}.Debug|Any CPU.Build.0 = Debug|Any CPU
		{4998A077-95F2-4D36-B4E5-237C4A35CCE5}.Release|Any CPU.ActiveCfg = Release|Any CPU
		{4998A077-95F2-4D36-B4E5-237C4A35CCE5}.Release|Any CPU.Build.0 = Release|Any CPU
		{6EA87FA7-4142-4B2F-B429-B0438637026B}.Debug|Any CPU.ActiveCfg = Debug|Any CPU
		{6EA87FA7-4142-4B2F-B429-B0438637026B}.Debug|Any CPU.Build.0 = Debug|Any CPU
		{6EA87FA7-4142-4B2F-B429-B0438637026B}.Release|Any CPU.ActiveCfg = Release|Any CPU
		{6EA87FA7-4142-4B2F-B429-B0438637026B}.Release|Any CPU.Build.0 = Release|Any CPU
		{583A7F3D-5FE7-419C-8081-DF8E5ADB25FB}.Debug|Any CPU.ActiveCfg = Debug|Any CPU
		{583A7F3D-5FE7-419C-8081-DF8E5ADB25FB}.Debug|Any CPU.Build.0 = Debug|Any CPU
		{583A7F3D-5FE7-419C-8081-DF8E5ADB25FB}.Release|Any CPU.ActiveCfg = Release|Any CPU
		{583A7F3D-5FE7-419C-8081-DF8E5ADB25FB}.Release|Any CPU.Build.0 = Release|Any CPU
		{A9E4EAED-8FD5-438E-BD48-5A084D6170DB}.Debug|Any CPU.ActiveCfg = Debug|Any CPU
		{A9E4EAED-8FD5-438E-BD48-5A084D6170DB}.Debug|Any CPU.Build.0 = Debug|Any CPU
		{A9E4EAED-8FD5-438E-BD48-5A084D6170DB}.Release|Any CPU.ActiveCfg = Release|Any CPU
		{A9E4EAED-8FD5-438E-BD48-5A084D6170DB}.Release|Any CPU.Build.0 = Release|Any CPU
		{507A810F-1D2B-4ADD-A4DF-FC197BBD76AC}.Debug|Any CPU.ActiveCfg = Debug|Any CPU
		{507A810F-1D2B-4ADD-A4DF-FC197BBD76AC}.Debug|Any CPU.Build.0 = Debug|Any CPU
		{507A810F-1D2B-4ADD-A4DF-FC197BBD76AC}.Release|Any CPU.ActiveCfg = Release|Any CPU
		{507A810F-1D2B-4ADD-A4DF-FC197BBD76AC}.Release|Any CPU.Build.0 = Release|Any CPU
		{144D0126-47F4-49B8-9835-4E65A63C930C}.Debug|Any CPU.ActiveCfg = Debug|Any CPU
		{144D0126-47F4-49B8-9835-4E65A63C930C}.Debug|Any CPU.Build.0 = Debug|Any CPU
		{144D0126-47F4-49B8-9835-4E65A63C930C}.Release|Any CPU.ActiveCfg = Release|Any CPU
		{144D0126-47F4-49B8-9835-4E65A63C930C}.Release|Any CPU.Build.0 = Release|Any CPU
		{6ED5E081-8171-4777-892C-AC47C010D4EE}.Debug|Any CPU.ActiveCfg = Debug|Any CPU
		{6ED5E081-8171-4777-892C-AC47C010D4EE}.Debug|Any CPU.Build.0 = Debug|Any CPU
		{6ED5E081-8171-4777-892C-AC47C010D4EE}.Release|Any CPU.ActiveCfg = Release|Any CPU
		{6ED5E081-8171-4777-892C-AC47C010D4EE}.Release|Any CPU.Build.0 = Release|Any CPU
		{748120DF-B418-46A1-A9FC-7A223A00C188}.Debug|Any CPU.ActiveCfg = Debug|Any CPU
		{748120DF-B418-46A1-A9FC-7A223A00C188}.Debug|Any CPU.Build.0 = Debug|Any CPU
		{748120DF-B418-46A1-A9FC-7A223A00C188}.Release|Any CPU.ActiveCfg = Release|Any CPU
		{748120DF-B418-46A1-A9FC-7A223A00C188}.Release|Any CPU.Build.0 = Release|Any CPU
		{CA7C6C5B-A8D2-4330-A4B1-D3210FD2592F}.Debug|Any CPU.ActiveCfg = Debug|Any CPU
		{CA7C6C5B-A8D2-4330-A4B1-D3210FD2592F}.Debug|Any CPU.Build.0 = Debug|Any CPU
		{CA7C6C5B-A8D2-4330-A4B1-D3210FD2592F}.Release|Any CPU.ActiveCfg = Release|Any CPU
		{CA7C6C5B-A8D2-4330-A4B1-D3210FD2592F}.Release|Any CPU.Build.0 = Release|Any CPU
	EndGlobalSection
	GlobalSection(SolutionProperties) = preSolution
		HideSolutionNode = FALSE
	EndGlobalSection
	GlobalSection(NestedProjects) = preSolution
		{7633E6C5-977D-4D40-ACFD-BA9EB8912477} = {F0C20C7E-EDCD-4183-B9BF-1C1168F15F95}
		{4BF36A7F-DEB0-4D0B-B1F3-2CB79D376A34} = {F0C20C7E-EDCD-4183-B9BF-1C1168F15F95}
		{1B868D30-219A-42F1-82A9-477E33715403} = {F0C20C7E-EDCD-4183-B9BF-1C1168F15F95}
		{A8409BE1-24B3-4DC2-864F-E6C1D54295F5} = {F0C20C7E-EDCD-4183-B9BF-1C1168F15F95}
		{0F512A33-80F0-4379-AF4B-138406970A2E} = {F0C20C7E-EDCD-4183-B9BF-1C1168F15F95}
		{EEF67053-5B28-42E5-BE69-09E9E3EE4A3B} = {F0C20C7E-EDCD-4183-B9BF-1C1168F15F95}
		{ED43765B-7753-4CC0-99EE-A3DE23CD6FD2} = {2B09013D-4761-4EA5-A677-D039C2BF2306}
		{4C596DE5-BF1A-4626-93CE-926AB4BE299C} = {F0C20C7E-EDCD-4183-B9BF-1C1168F15F95}
		{4998A077-95F2-4D36-B4E5-237C4A35CCE5} = {F0C20C7E-EDCD-4183-B9BF-1C1168F15F95}
		{6EA87FA7-4142-4B2F-B429-B0438637026B} = {F0C20C7E-EDCD-4183-B9BF-1C1168F15F95}
		{583A7F3D-5FE7-419C-8081-DF8E5ADB25FB} = {2B09013D-4761-4EA5-A677-D039C2BF2306}
		{A9E4EAED-8FD5-438E-BD48-5A084D6170DB} = {2B09013D-4761-4EA5-A677-D039C2BF2306}
		{507A810F-1D2B-4ADD-A4DF-FC197BBD76AC} = {2B09013D-4761-4EA5-A677-D039C2BF2306}
		{144D0126-47F4-49B8-9835-4E65A63C930C} = {2B09013D-4761-4EA5-A677-D039C2BF2306}
		{6ED5E081-8171-4777-892C-AC47C010D4EE} = {2B09013D-4761-4EA5-A677-D039C2BF2306}
		{748120DF-B418-46A1-A9FC-7A223A00C188} = {2B09013D-4761-4EA5-A677-D039C2BF2306}
		{CA7C6C5B-A8D2-4330-A4B1-D3210FD2592F} = {2B09013D-4761-4EA5-A677-D039C2BF2306}
	EndGlobalSection
	GlobalSection(ExtensibilityGlobals) = postSolution
		SolutionGuid = {2652E069-9852-4605-B55F-393E76498FF4}
	EndGlobalSection
EndGlobal
